
Microsoft Visual Studio Solution File, Format Version 12.00
# Visual Studio Version 17
VisualStudioVersion = 17.7.33711.374
MinimumVisualStudioVersion = 10.0.40219.1
Project("{9A19103F-16F7-4668-BE54-9A1E7A4F7556}") = "TMG.Visum-XTMF1", "TMG.Visum-XTMF1\TMG.Visum-XTMF1.csproj", "{EA0AB83C-2059-4E7A-A828-1D6413EAD15C}"
EndProject
Project("{9A19103F-16F7-4668-BE54-9A1E7A4F7556}") = "TMG.Visum", "TMG.Visum\TMG.Visum.csproj", "{A114CE92-43FA-45E2-9E80-363B32D140A9}"
EndProject
Project("{9A19103F-16F7-4668-BE54-9A1E7A4F7556}") = "TMG.Visum.Test", "TMG.Visum.Test\TMG.Visum.Test.csproj", "{84F0F281-768E-479C-99D7-463EF809A9DD}"
EndProject
Global
	GlobalSection(SolutionConfigurationPlatforms) = preSolution
		Debug|Any CPU = Debug|Any CPU
		Release|Any CPU = Release|Any CPU
	EndGlobalSection
	GlobalSection(ProjectConfigurationPlatforms) = postSolution
		{EA0AB83C-2059-4E7A-A828-1D6413EAD15C}.Debug|Any CPU.ActiveCfg = Debug|Any CPU
		{EA0AB83C-2059-4E7A-A828-1D6413EAD15C}.Debug|Any CPU.Build.0 = Debug|Any CPU
		{EA0AB83C-2059-4E7A-A828-1D6413EAD15C}.Release|Any CPU.ActiveCfg = Release|Any CPU
		{EA0AB83C-2059-4E7A-A828-1D6413EAD15C}.Release|Any CPU.Build.0 = Release|Any CPU
		{A114CE92-43FA-45E2-9E80-363B32D140A9}.Debug|Any CPU.ActiveCfg = Debug|Any CPU
		{A114CE92-43FA-45E2-9E80-363B32D140A9}.Debug|Any CPU.Build.0 = Debug|Any CPU
		{A114CE92-43FA-45E2-9E80-363B32D140A9}.Release|Any CPU.ActiveCfg = Release|Any CPU
		{A114CE92-43FA-45E2-9E80-363B32D140A9}.Release|Any CPU.Build.0 = Release|Any CPU
		{84F0F281-768E-479C-99D7-463EF809A9DD}.Debug|Any CPU.ActiveCfg = Debug|Any CPU
		{84F0F281-768E-479C-99D7-463EF809A9DD}.Debug|Any CPU.Build.0 = Debug|Any CPU
		{84F0F281-768E-479C-99D7-463EF809A9DD}.Release|Any CPU.ActiveCfg = Release|Any CPU
		{84F0F281-768E-479C-99D7-463EF809A9DD}.Release|Any CPU.Build.0 = Release|Any CPU
	EndGlobalSection
	GlobalSection(SolutionProperties) = preSolution
		HideSolutionNode = FALSE
	EndGlobalSection
	GlobalSection(ExtensibilityGlobals) = postSolution
		SolutionGuid = {9D874012-5E24-4331-B4CF-974C2ED50CB8}
	EndGlobalSection
EndGlobal
